
Microsoft Visual Studio Solution File, Format Version 12.00
# Visual Studio Version 16
VisualStudioVersion = 16.0.29418.71
MinimumVisualStudioVersion = 10.0.40219.1
Project("{FAE04EC0-301F-11D3-BF4B-00C04F79EFBC}") = "Assembly-CSharp", "Assembly-CSharp.csproj", "{8E823492-2B25-E27F-EA5B-F88A1E556704}"
EndProject
Global
	GlobalSection(SolutionConfigurationPlatforms) = preSolution
		Debug|Any CPU = Debug|Any CPU
		Release|Any CPU = Release|Any CPU
	EndGlobalSection
	GlobalSection(ProjectConfigurationPlatforms) = postSolution
		{8E823492-2B25-E27F-EA5B-F88A1E556704}.Debug|Any CPU.ActiveCfg = Debug|Any CPU
		{8E823492-2B25-E27F-EA5B-F88A1E556704}.Debug|Any CPU.Build.0 = Debug|Any CPU
		{8E823492-2B25-E27F-EA5B-F88A1E556704}.Release|Any CPU.ActiveCfg = Release|Any CPU
		{8E823492-2B25-E27F-EA5B-F88A1E556704}.Release|Any CPU.Build.0 = Release|Any CPU
	EndGlobalSection
	GlobalSection(SolutionProperties) = preSolution
		HideSolutionNode = FALSE
	EndGlobalSection
	GlobalSection(ExtensibilityGlobals) = postSolution
		SolutionGuid = {D684D49A-D92C-4BB0-8A4E-59803EE70DDA}
	EndGlobalSection
EndGlobal
